{
    "_readme": [
        "This file locks the dependencies of your project to a known state",
        "Read more about it at https://getcomposer.org/doc/01-basic-usage.md#composer-lock-the-lock-file",
        "This file is @generated automatically"
    ],
    "hash": "a0093173b35400225f4cb9f1e511003a",
    "content-hash": "d61b38db446747bc49cf61923bd8a351",
    "packages": [
        {
            "name": "miknatr/grace-cache",
            "version": "v1.4.0",
            "source": {
                "type": "git",
                "url": "https://github.com/miknatr/grace-cache.git",
                "reference": "9edfbb9ab07158b98c50b6c08624476623e12f81"
            },
            "dist": {
                "type": "zip",
                "url": "https://api.github.com/repos/miknatr/grace-cache/zipball/9edfbb9ab07158b98c50b6c08624476623e12f81",
                "reference": "9edfbb9ab07158b98c50b6c08624476623e12f81",
                "shasum": ""
            },
            "type": "library",
            "autoload": {
                "psr-0": {
                    "Grace\\Cache": "lib/",
                    "Grace\\Tests\\Cache": "lib/"
                }
            },
            "notification-url": "https://packagist.org/downloads/",
            "authors": [
                {
                    "name": "miknatr",
                    "email": "miknatr@gmail.com"
                }
            ],
            "description": "Simple cache interface and memcache implementation",
            "time": "2014-09-06 21:10:07"
        },
        {
            "name": "miknatr/grace-dbal",
            "version": "v1.4.1",
            "source": {
                "type": "git",
                "url": "https://github.com/miknatr/grace-dbal.git",
                "reference": "d16602fe43ebca960d479aebdb588480dcadc846"
            },
            "dist": {
                "type": "zip",
                "url": "https://api.github.com/repos/miknatr/grace-dbal/zipball/d16602fe43ebca960d479aebdb588480dcadc846",
                "reference": "d16602fe43ebca960d479aebdb588480dcadc846",
                "shasum": ""
            },
            "type": "library",
            "autoload": {
                "psr-0": {
                    "Grace\\DBAL": "lib/",
                    "Grace\\Tests\\DBAL": "lib/",
                    "Grace\\SQLBuilder": "lib/",
                    "Grace\\Tests\\SQLBuilder": "lib/"
                }
            },
            "notification-url": "https://packagist.org/downloads/",
            "authors": [
                {
                    "name": "miknatr",
                    "email": "miknatr@gmail.com"
                }
            ],
            "time": "2016-10-26 14:58:48"
        }
    ],
    "packages-dev": [],
    "aliases": [],
    "minimum-stability": "stable",
    "stability-flags": [],
    "prefer-stable": false,
    "prefer-lowest": false,
    "platform": [],
    "platform-dev": []
}
